
Microsoft Visual Studio Solution File, Format Version 12.00
# Visual Studio Version 16
VisualStudioVersion = 16.0.29709.97
MinimumVisualStudioVersion = 10.0.40219.1
Project("{9A19103F-16F7-4668-BE54-9A1E7A4F7556}") = "HelloWord2", "HelloWord2.csproj", "{8F4A5DE7-E2D0-4790-B0A0-2530B7E45384}"
EndProject
Global
	GlobalSection(SolutionConfigurationPlatforms) = preSolution
		Debug|Any CPU = Debug|Any CPU
		Release|Any CPU = Release|Any CPU
	EndGlobalSection
	GlobalSection(ProjectConfigurationPlatforms) = postSolution
		{8F4A5DE7-E2D0-4790-B0A0-2530B7E45384}.Debug|Any CPU.ActiveCfg = Debug|Any CPU
		{8F4A5DE7-E2D0-4790-B0A0-2530B7E45384}.Debug|Any CPU.Build.0 = Debug|Any CPU
		{8F4A5DE7-E2D0-4790-B0A0-2530B7E45384}.Release|Any CPU.ActiveCfg = Release|Any CPU
		{8F4A5DE7-E2D0-4790-B0A0-2530B7E45384}.Release|Any CPU.Build.0 = Release|Any CPU
	EndGlobalSection
	GlobalSection(SolutionProperties) = preSolution
		HideSolutionNode = FALSE
	EndGlobalSection
	GlobalSection(ExtensibilityGlobals) = postSolution
		SolutionGuid = {F0C87A0A-761B-4F71-B97E-2FEB4405E7F9}
	EndGlobalSection
EndGlobal
